# This file is automatically @generated by Poetry 2.2.1 and should not be changed by hand.

[[package]]
name = "llvmlite"
version = "0.45.1"
description = "lightweight wrapper around basic LLVM functionality"
optional = false
python-versions = ">=3.10"
groups = ["main"]
files = [
    {file = "llvmlite-0.45.1-cp310-cp310-macosx_10_15_x86_64.whl", hash = "sha256:1b1af0c910af0978aa55fa4f60bbb3e9f39b41e97c2a6d94d199897be62ba07a"},
    {file = "llvmlite-0.45.1-cp310-cp310-macosx_11_0_arm64.whl", hash = "sha256:02a164db2d79088bbd6e0d9633b4fe4021d6379d7e4ac7cc85ed5f44b06a30c5"},
    {file = "llvmlite-0.45.1-cp310-cp310-manylinux2014_x86_64.manylinux_2_17_x86_64.whl", hash = "sha256:f2d47f34e4029e6df3395de34cc1c66440a8d72712993a6e6168db228686711b"},
    {file = "llvmlite-0.45.1-cp310-cp310-manylinux_2_27_aarch64.manylinux_2_28_aarch64.whl", hash = "sha256:f7319e5f9f90720578a7f56fbc805bdfb4bc071b507c7611f170d631c3c0f1e0"},
    {file = "llvmlite-0.45.1-cp310-cp310-win_amd64.whl", hash = "sha256:4edb62e685867799e336723cb9787ec6598d51d0b1ed9af0f38e692aa757e898"},
    {file = "llvmlite-0.45.1-cp311-cp311-macosx_10_15_x86_64.whl", hash = "sha256:60f92868d5d3af30b4239b50e1717cb4e4e54f6ac1c361a27903b318d0f07f42"},
    {file = "llvmlite-0.45.1-cp311-cp311-macosx_11_0_arm64.whl", hash = "sha256:98baab513e19beb210f1ef39066288784839a44cd504e24fff5d17f1b3cf0860"},
    {file = "llvmlite-0.45.1-cp311-cp311-manylinux2014_x86_64.manylinux_2_17_x86_64.whl", hash = "sha256:3adc2355694d6a6fbcc024d59bb756677e7de506037c878022d7b877e7613a36"},
    {file = "llvmlite-0.45.1-cp311-cp311-manylinux_2_27_aarch64.manylinux_2_28_aarch64.whl", hash = "sha256:2f3377a6db40f563058c9515dedcc8a3e562d8693a106a28f2ddccf2c8fcf6ca"},
    {file = "llvmlite-0.45.1-cp311-cp311-win_amd64.whl", hash = "sha256:f9c272682d91e0d57f2a76c6d9ebdfccc603a01828cdbe3d15273bdca0c3363a"},
    {file = "llvmlite-0.45.1-cp312-cp312-macosx_10_15_x86_64.whl", hash = "sha256:28e763aba92fe9c72296911e040231d486447c01d4f90027c8e893d89d49b20e"},
    {file = "llvmlite-0.45.1-cp312-cp312-macosx_11_0_arm64.whl", hash = "sha256:1a53f4b74ee9fd30cb3d27d904dadece67a7575198bd80e687ee76474620735f"},
    {file = "llvmlite-0.45.1-cp312-cp312-manylinux2014_x86_64.manylinux_2_17_x86_64.whl", hash = "sha256:5b3796b1b1e1c14dcae34285d2f4ea488402fbd2c400ccf7137603ca3800864f"},
    {file = "llvmlite-0.45.1-cp312-cp312-manylinux_2_27_aarch64.manylinux_2_28_aarch64.whl", hash = "sha256:779e2f2ceefef0f4368548685f0b4adde34e5f4b457e90391f570a10b348d433"},
    {file = "llvmlite-0.45.1-cp312-cp312-win_amd64.whl", hash = "sha256:9e6c9949baf25d9aa9cd7cf0f6d011b9ca660dd17f5ba2b23bdbdb77cc86b116"},
    {file = "llvmlite-0.45.1-cp313-cp313-macosx_10_15_x86_64.whl", hash = "sha256:d9ea9e6f17569a4253515cc01dade70aba536476e3d750b2e18d81d7e670eb15"},
    {file = "llvmlite-0.45.1-cp313-cp313-macosx_12_0_arm64.whl", hash = "sha256:c9f3cadee1630ce4ac18ea38adebf2a4f57a89bd2740ce83746876797f6e0bfb"},
    {file = "llvmlite-0.45.1-cp313-cp313-manylinux2014_x86_64.manylinux_2_17_x86_64.whl", hash = "sha256:57c48bf2e1083eedbc9406fb83c4e6483017879714916fe8be8a72a9672c995a"},
    {file = "llvmlite-0.45.1-cp313-cp313-manylinux_2_27_aarch64.manylinux_2_28_aarch64.whl", hash = "sha256:3aa3dfceda4219ae39cf18806c60eeb518c1680ff834b8b311bd784160b9ce40"},
    {file = "llvmlite-0.45.1-cp313-cp313-win_amd64.whl", hash = "sha256:080e6f8d0778a8239cd47686d402cb66eb165e421efa9391366a9b7e5810a38b"},
    {file = "llvmlite-0.45.1.tar.gz", hash = "sha256:09430bb9d0bb58fc45a45a57c7eae912850bedc095cd0810a57de109c69e1c32"},
]

[[package]]
name = "numba"
version = "0.62.1"
description = "compiling Python code using LLVM"
optional = false
python-versions = ">=3.10"
groups = ["main"]
files = [
    {file = "numba-0.62.1-cp310-cp310-macosx_10_15_x86_64.whl", hash = "sha256:a323df9d36a0da1ca9c592a6baaddd0176d9f417ef49a65bb81951dce69d941a"},
    {file = "numba-0.62.1-cp310-cp310-macosx_11_0_arm64.whl", hash = "sha256:e1e1f4781d3f9f7c23f16eb04e76ca10b5a3516e959634bd226fc48d5d8e7a0a"},
    {file = "numba-0.62.1-cp310-cp310-manylinux2014_x86_64.manylinux_2_17_x86_64.whl", hash = "sha256:14432af305ea68627a084cd702124fd5d0c1f5b8a413b05f4e14757202d1cf6c"},
    {file = "numba-0.62.1-cp310-cp310-manylinux_2_27_aarch64.manylinux_2_28_aarch64.whl", hash = "sha256:f180922adf159ae36c2fe79fb94ffaa74cf5cb3688cb72dba0a904b91e978507"},
    {file = "numba-0.62.1-cp310-cp310-win_amd64.whl", hash = "sha256:f41834909d411b4b8d1c68f745144136f21416547009c1e860cc2098754b4ca7"},
    {file = "numba-0.62.1-cp311-cp311-macosx_10_15_x86_64.whl", hash = "sha256:f43e24b057714e480fe44bc6031de499e7cf8150c63eb461192caa6cc8530bc8"},
    {file = "numba-0.62.1-cp311-cp311-macosx_11_0_arm64.whl", hash = "sha256:57cbddc53b9ee02830b828a8428757f5c218831ccc96490a314ef569d8342b7b"},
    {file = "numba-0.62.1-cp311-cp311-manylinux2014_x86_64.manylinux_2_17_x86_64.whl", hash = "sha256:604059730c637c7885386521bb1b0ddcbc91fd56131a6dcc54163d6f1804c872"},
    {file = "numba-0.62.1-cp311-cp311-manylinux_2_27_aarch64.manylinux_2_28_aarch64.whl", hash = "sha256:d6c540880170bee817011757dc9049dba5a29db0c09b4d2349295991fe3ee55f"},
    {file = "numba-0.62.1-cp311-cp311-win_amd64.whl", hash = "sha256:03de6d691d6b6e2b76660ba0f38f37b81ece8b2cc524a62f2a0cfae2bfb6f9da"},
    {file = "numba-0.62.1-cp312-cp312-macosx_10_15_x86_64.whl", hash = "sha256:1b743b32f8fa5fff22e19c2e906db2f0a340782caf024477b97801b918cf0494"},
    {file = "numba-0.62.1-cp312-cp312-macosx_11_0_arm64.whl", hash = "sha256:90fa21b0142bcf08ad8e32a97d25d0b84b1e921bc9423f8dda07d3652860eef6"},
    {file = "numba-0.62.1-cp312-cp312-manylinux2014_x86_64.manylinux_2_17_x86_64.whl", hash = "sha256:6ef84d0ac19f1bf80431347b6f4ce3c39b7ec13f48f233a48c01e2ec06ecbc59"},
    {file = "numba-0.62.1-cp312-cp312-manylinux_2_27_aarch64.manylinux_2_28_aarch64.whl", hash = "sha256:9315cc5e441300e0ca07c828a627d92a6802bcbf27c5487f31ae73783c58da53"},
    {file = "numba-0.62.1-cp312-cp312-win_amd64.whl", hash = "sha256:44e3aa6228039992f058f5ebfcfd372c83798e9464297bdad8cc79febcf7891e"},
    {file = "numba-0.62.1-cp313-cp313-macosx_10_15_x86_64.whl", hash = "sha256:b72489ba8411cc9fdcaa2458d8f7677751e94f0109eeb53e5becfdc818c64afb"},
    {file = "numba-0.62.1-cp313-cp313-macosx_12_0_arm64.whl", hash = "sha256:44a1412095534a26fb5da2717bc755b57da5f3053965128fe3dc286652cc6a92"},
    {file = "numba-0.62.1-cp313-cp313-manylinux2014_x86_64.manylinux_2_17_x86_64.whl", hash = "sha256:8c9460b9e936c5bd2f0570e20a0a5909ee6e8b694fd958b210e3bde3a6dba2d7"},
    {file = "numba-0.62.1-cp313-cp313-manylinux_2_27_aarch64.manylinux_2_28_aarch64.whl", hash = "sha256:728f91a874192df22d74e3fd42c12900b7ce7190b1aad3574c6c61b08313e4c5"},
    {file = "numba-0.62.1-cp313-cp313-win_amd64.whl", hash = "sha256:bbf3f88b461514287df66bc8d0307e949b09f2b6f67da92265094e8fa1282dd8"},
    {file = "numba-0.62.1.tar.gz", hash = "sha256:7b774242aa890e34c21200a1fc62e5b5757d5286267e71103257f4e2af0d5161"},
]

[package.dependencies]
llvmlite = "==0.45.*"
numpy = ">=1.22,<2.4"

[[package]]
name = "numpy"
version = "1.26.4"
description = "Fundamental package for array computing in Python"
optional = false
python-versions = ">=3.9"
groups = ["main"]
files = [
    {file = "numpy-1.26.4-cp310-cp310-macosx_10_9_x86_64.whl", hash = "sha256:9ff0f4f29c51e2803569d7a51c2304de5554655a60c5d776e35b4a41413830d0"},
    {file = "numpy-1.26.4-cp310-cp310-macosx_11_0_arm64.whl", hash = "sha256:2e4ee3380d6de9c9ec04745830fd9e2eccb3e6cf790d39d7b98ffd19b0dd754a"},
    {file = "numpy-1.26.4-cp310-cp310-manylinux_2_17_aarch64.manylinux2014_aarch64.whl", hash = "sha256:d209d8969599b27ad20994c8e41936ee0964e6da07478d6c35016bc386b66ad4"},
    {file = "numpy-1.26.4-cp310-cp310-manylinux_2_17_x86_64.manylinux2014_x86_64.whl", hash = "sha256:ffa75af20b44f8dba823498024771d5ac50620e6915abac414251bd971b4529f"},
    {file = "numpy-1.26.4-cp310-cp310-musllinux_1_1_aarch64.whl", hash = "sha256:62b8e4b1e28009ef2846b4c7852046736bab361f7aeadeb6a5b89ebec3c7055a"},
    {file = "numpy-1.26.4-cp310-cp310-musllinux_1_1_x86_64.whl", hash = "sha256:a4abb4f9001ad2858e7ac189089c42178fcce737e4169dc61321660f1a96c7d2"},
    {file = "numpy-1.26.4-cp310-cp310-win32.whl", hash = "sha256:bfe25acf8b437eb2a8b2d49d443800a5f18508cd811fea3181723922a8a82b07"},
    {file = "numpy-1.26.4-cp310-cp310-win_amd64.whl", hash = "sha256:b97fe8060236edf3662adfc2c633f56a08ae30560c56310562cb4f95500022d5"},
    {file = "numpy-1.26.4-cp311-cp311-macosx_10_9_x86_64.whl", hash = "sha256:4c66707fabe114439db9068ee468c26bbdf909cac0fb58686a42a24de1760c71"},
    {file = "numpy-1.26.4-cp311-cp311-macosx_11_0_arm64.whl", hash = "sha256:edd8b5fe47dab091176d21bb6de568acdd906d1887a4584a15a9a96a1dca06ef"},
    {file = "numpy-1.26.4-cp311-cp311-manylinux_2_17_aarch64.manylinux2014_aarch64.whl", hash = "sha256:7ab55401287bfec946ced39700c053796e7cc0e3acbef09993a9ad2adba6ca6e"},
    {file = "numpy-1.26.4-cp311-cp311-manylinux_2_17_x86_64.manylinux2014_x86_64.whl", hash = "sha256:666dbfb6ec68962c033a450943ded891bed2d54e6755e35e5835d63f4f6931d5"},
    {file = "numpy-1.26.4-cp311-cp311-musllinux_1_1_aarch64.whl", hash = "sha256:96ff0b2ad353d8f990b63294c8986f1ec3cb19d749234014f4e7eb0112ceba5a"},
    {file = "numpy-1.26.4-cp311-cp311-musllinux_1_1_x86_64.whl", hash = "sha256:60dedbb91afcbfdc9bc0b1f3f402804070deed7392c23eb7a7f07fa857868e8a"},
    {file = "numpy-1.26.4-cp311-cp311-win32.whl", hash = "sha256:1af303d6b2210eb850fcf03064d364652b7120803a0b872f5211f5234b399f20"},
    {file = "numpy-1.26.4-cp311-cp311-win_amd64.whl", hash = "sha256:cd25bcecc4974d09257ffcd1f098ee778f7834c3ad767fe5db785be9a4aa9cb2"},
    {file = "numpy-1.26.4-cp312-cp312-macosx_10_9_x86_64.whl", hash = "sha256:b3ce300f3644fb06443ee2222c2201dd3a89ea6040541412b8fa189341847218"},
    {file = "numpy-1.26.4-cp312-cp312-macosx_11_0_arm64.whl", hash = "sha256:03a8c78d01d9781b28a6989f6fa1bb2c4f2d51201cf99d3dd875df6fbd96b23b"},
    {file = "numpy-1.26.4-cp312-cp312-manylinux_2_17_aarch64.manylinux2014_aarch64.whl", hash = "sha256:9fad7dcb1aac3c7f0584a5a8133e3a43eeb2fe127f47e3632d43d677c66c102b"},
    {file = "numpy-1.26.4-cp312-cp312-manylinux_2_17_x86_64.manylinux2014_x86_64.whl", hash = "sha256:675d61ffbfa78604709862923189bad94014bef562cc35cf61d3a07bba02a7ed"},
    {file = "numpy-1.26.4-cp312-cp312-musllinux_1_1_aarch64.whl", hash = "sha256:ab47dbe5cc8210f55aa58e4805fe224dac469cde56b9f731a4c098b91917159a"},
    {file = "numpy-1.26.4-cp312-cp312-musllinux_1_1_x86_64.whl", hash = "sha256:1dda2e7b4ec9dd512f84935c5f126c8bd8b9f2fc001e9f54af255e8c5f16b0e0"},
    {file = "numpy-1.26.4-cp312-cp312-win32.whl", hash = "sha256:50193e430acfc1346175fcbdaa28ffec49947a06918b7b92130744e81e640110"},
    {file = "numpy-1.26.4-cp312-cp312-win_amd64.whl", hash = "sha256:08beddf13648eb95f8d867350f6a018a4be2e5ad54c8d8caed89ebca558b2818"},
    {file = "numpy-1.26.4-cp39-cp39-macosx_10_9_x86_64.whl", hash = "sha256:7349ab0fa0c429c82442a27a9673fc802ffdb7c7775fad780226cb234965e53c"},
    {file = "numpy-1.26.4-cp39-cp39-macosx_11_0_arm64.whl", hash = "sha256:52b8b60467cd7dd1e9ed082188b4e6bb35aa5cdd01777621a1658910745b90be"},
    {file = "numpy-1.26.4-cp39-cp39-manylinux_2_17_aarch64.manylinux2014_aarch64.whl", hash = "sha256:d5241e0a80d808d70546c697135da2c613f30e28251ff8307eb72ba696945764"},
    {file = "numpy-1.26.4-cp39-cp39-manylinux_2_17_x86_64.manylinux2014_x86_64.whl", hash = "sha256:f870204a840a60da0b12273ef34f7051e98c3b5961b61b0c2c1be6dfd64fbcd3"},
    {file = "numpy-1.26.4-cp39-cp39-musllinux_1_1_aarch64.whl", hash = "sha256:679b0076f67ecc0138fd2ede3a8fd196dddc2ad3254069bcb9faf9a79b1cebcd"},
    {file = "numpy-1.26.4-cp39-cp39-musllinux_1_1_x86_64.whl", hash = "sha256:47711010ad8555514b434df65f7d7b076bb8261df1ca9bb78f53d3b2db02e95c"},
    {file = "numpy-1.26.4-cp39-cp39-win32.whl", hash = "sha256:a354325ee03388678242a4d7ebcd08b5c727033fcff3b2f536aea978e15ee9e6"},
    {file = "numpy-1.26.4-cp39-cp39-win_amd64.whl", hash = "sha256:3373d5d70a5fe74a2c1bb6d2cfd9609ecf686d47a2d7b1d37a8f3b6bf6003aea"},
    {file = "numpy-1.26.4-pp39-pypy39_pp73-macosx_10_9_x86_64.whl", hash = "sha256:afedb719a9dcfc7eaf2287b839d8198e06dcd4cb5d276a3df279231138e83d30"},
    {file = "numpy-1.26.4-pp39-pypy39_pp73-manylinux_2_17_x86_64.manylinux2014_x86_64.whl", hash = "sha256:95a7476c59002f2f6c590b9b7b998306fba6a5aa646b1e22ddfeaf8f78c3a29c"},
    {file = "numpy-1.26.4-pp39-pypy39_pp73-win_amd64.whl", hash = "sha256:7e50d0a0cc3189f9cb0aeb3a6a6af18c16f59f004b866cd2be1c14b36134a4a0"},
    {file = "numpy-1.26.4.tar.gz", hash = "sha256:2a02aba9ed12e4ac4eb3ea9421c420301a0c6460d9830d74a9df87efa4912010"},
]

[[package]]
name = "pybind11"
version = "3.0.1"
description = "Seamless operability between C++11 and Python"
optional = false
python-versions = ">=3.8"
groups = ["main"]
files = [
    {file = "pybind11-3.0.1-py3-none-any.whl", hash = "sha256:aa8f0aa6e0a94d3b64adfc38f560f33f15e589be2175e103c0a33c6bce55ee89"},
    {file = "pybind11-3.0.1.tar.gz", hash = "sha256:9c0f40056a016da59bab516efb523089139fcc6f2ba7e4930854c61efb932051"},
]

[package.extras]
global = ["pybind11-global (==3.0.1)"]

[[package]]
name = "pyhackrf"
version = "0.2.0"
description = "Python wrapper for the libhackrf library"
optional = false
python-versions = ">=3.9,<4.0"
groups = ["main"]
files = [
    {file = "pyhackrf-0.2.0-cp39-cp39-manylinux_2_31_x86_64.whl", hash = "sha256:0ba9cd8eba422ad5b75cddd3ea85b4a1ff5749201aa65f510c2f3f8fa1669021"},
    {file = "pyhackrf-0.2.0.tar.gz", hash = "sha256:4a31b956ad3d5e4bcf53518734c9dbd20373405346f20b150c78f724065dfe77"},
]

[package.dependencies]
numpy = ">=1.20.3,<2.0.0"

[[package]]
name = "pyqt6"
version = "6.10.0"
description = "Python bindings for the Qt cross platform application toolkit"
optional = false
python-versions = ">=3.9"
groups = ["main"]
files = [
    {file = "pyqt6-6.10.0-1-cp39-abi3-manylinux_2_34_x86_64.whl", hash = "sha256:54b6b022369e4e6ade8cf79c0f988558839df7b2c285f814b4567d15a0fcb756"},
    {file = "pyqt6-6.10.0-cp39-abi3-macosx_10_14_universal2.whl", hash = "sha256:0eb82f152a83a8ae39f7d3ba580829ff7c0e8179d19d70f396853c10c8ddc5ac"},
    {file = "pyqt6-6.10.0-cp39-abi3-manylinux_2_34_x86_64.whl", hash = "sha256:43e94a0ad4713055b47b4676d23432349845729912e4f3d20ac95935931c5e6f"},
    {file = "pyqt6-6.10.0-cp39-abi3-manylinux_2_39_aarch64.whl", hash = "sha256:357da0f1465557dde249a31bc1f152320b7628a644e1d55d2db09b635394f39f"},
    {file = "pyqt6-6.10.0-cp39-abi3-win_amd64.whl", hash = "sha256:8b5e4ea573733017a76bd12ea1b53351fd7f6dc57f8abf4329c4a41fea6dde04"},
    {file = "pyqt6-6.10.0-cp39-abi3-win_arm64.whl", hash = "sha256:c2b5fc1a028e95b096f3a5966611cc8194e8e9e69984c41477417e18b5ce1362"},
    {file = "pyqt6-6.10.0.tar.gz", hash = "sha256:710ecfd720d9a03b2c684881ae37f528e11d17e8f1bf96431d00a6a73f308e36"},
]

[package.dependencies]
PyQt6-Qt6 = ">=6.10.0,<6.11.0"
PyQt6-sip = ">=13.8,<14"

[[package]]
name = "pyqt6-qt6"
version = "6.10.0"
description = "The subset of a Qt installation needed by PyQt6."
optional = false
python-versions = "*"
groups = ["main"]
files = [
    {file = "pyqt6_qt6-6.10.0-py3-none-macosx_10_14_x86_64.whl", hash = "sha256:9b48d9eba795a78d21393b1909e7a0406512038ea4667463e4882e284bf95817"},
    {file = "pyqt6_qt6-6.10.0-py3-none-macosx_11_0_arm64.whl", hash = "sha256:768ced73dbb2c85e6d72ea63fd7409ba934d4b24580ef073a3eb16fd88d3fe70"},
    {file = "pyqt6_qt6-6.10.0-py3-none-manylinux_2_34_x86_64.whl", hash = "sha256:cd38b281bb7229b8114f13126aacd77f831a97105fdb1d900260a48ead8c9fcd"},
    {file = "pyqt6_qt6-6.10.0-py3-none-manylinux_2_39_aarch64.whl", hash = "sha256:497df665091451ab7fde3355e262b243d2a2d97924b899a5cbb193a0cc573b7e"},
    {file = "pyqt6_qt6-6.10.0-py3-none-win_amd64.whl", hash = "sha256:d11bc03908cacbd2e3426289ad51dcf6d2896af6ffec595626ce9cf9b93e770d"},
    {file = "pyqt6_qt6-6.10.0-py3-none-win_arm64.whl", hash = "sha256:7f3ae89337e905dba436c226027ebd8777d4cdeef386131ad9a1b0a53ecc1a81"},
]

[[package]]
name = "pyqt6-sip"
version = "13.10.2"
description = "The sip module support for PyQt6"
optional = false
python-versions = ">=3.9"
groups = ["main"]
files = [
    {file = "pyqt6_sip-13.10.2-cp310-cp310-macosx_10_9_universal2.whl", hash = "sha256:8132ec1cbbecc69d23dcff23916ec07218f1a9bbbc243bf6f1df967117ce303e"},
    {file = "pyqt6_sip-13.10.2-cp310-cp310-manylinux_2_17_aarch64.manylinux2014_aarch64.whl", hash = "sha256:07f77e89d93747dda71b60c3490b00d754451729fbcbcec840e42084bf061655"},
    {file = "pyqt6_sip-13.10.2-cp310-cp310-manylinux_2_5_x86_64.manylinux1_x86_64.whl", hash = "sha256:4ffa71ddff6ef031d52cd4f88b8bba08b3516313c023c7e5825cf4a0ba598712"},
    {file = "pyqt6_sip-13.10.2-cp310-cp310-win_amd64.whl", hash = "sha256:e907394795e61f1174134465c889177f584336a98d7a10beade2437bf5942244"},
    {file = "pyqt6_sip-13.10.2-cp311-cp311-macosx_10_9_universal2.whl", hash = "sha256:1a6c2f168773af9e6c7ef5e52907f16297d4efd346e4c958eda54ea9135be18e"},
    {file = "pyqt6_sip-13.10.2-cp311-cp311-manylinux_2_17_aarch64.manylinux2014_aarch64.whl", hash = "sha256:b1d3cc9015a1bd8c8d3e86a009591e897d4d46b0c514aede7d2970a2208749cd"},
    {file = "pyqt6_sip-13.10.2-cp311-cp311-manylinux_2_5_x86_64.manylinux1_x86_64.whl", hash = "sha256:ddd578a8d975bfb5fef83751829bf09a97a1355fa1de098e4fb4d1b74ee872fc"},
    {file = "pyqt6_sip-13.10.2-cp311-cp311-win_amd64.whl", hash = "sha256:061d4a2eb60a603d8be7db6c7f27eb29d9cea97a09aa4533edc1662091ce4f03"},
    {file = "pyqt6_sip-13.10.2-cp311-cp311-win_arm64.whl", hash = "sha256:45ac06f0380b7aa4fcffd89f9e8c00d1b575dc700c603446a9774fda2dcfc0de"},
    {file = "pyqt6_sip-13.10.2-cp312-cp312-macosx_10_9_universal2.whl", hash = "sha256:83e6a56d3e715f748557460600ec342cbd77af89ec89c4f2a68b185fa14ea46c"},
    {file = "pyqt6_sip-13.10.2-cp312-cp312-manylinux_2_17_aarch64.manylinux2014_aarch64.whl", hash = "sha256:4ccf197f8fa410e076936bee28ad9abadb450931d5be5625446fd20e0d8b27a6"},
    {file = "pyqt6_sip-13.10.2-cp312-cp312-manylinux_2_5_x86_64.manylinux1_x86_64.whl", hash = "sha256:37af463dcce39285e686d49523d376994d8a2508b9acccb7616c4b117c9c4ed7"},
    {file = "pyqt6_sip-13.10.2-cp312-cp312-win_amd64.whl", hash = "sha256:c7b34a495b92790c70eae690d9e816b53d3b625b45eeed6ae2c0fe24075a237e"},
    {file = "pyqt6_sip-13.10.2-cp312-cp312-win_arm64.whl", hash = "sha256:c80cc059d772c632f5319632f183e7578cd0976b9498682833035b18a3483e92"},
    {file = "pyqt6_sip-13.10.2-cp313-cp313-macosx_10_13_universal2.whl", hash = "sha256:8b5d06a0eac36038fa8734657d99b5fe92263ae7a0cd0a67be6acfe220a063e1"},
    {file = "pyqt6_sip-13.10.2-cp313-cp313-manylinux_2_17_aarch64.manylinux2014_aarch64.whl", hash = "sha256:ad376a6078da37b049fdf9d6637d71b52727e65c4496a80b753ddc8d27526aca"},
    {file = "pyqt6_sip-13.10.2-cp313-cp313-manylinux_2_5_x86_64.manylinux1_x86_64.whl", hash = "sha256:3dde8024d055f496eba7d44061c5a1ba4eb72fc95e5a9d7a0dbc908317e0888b"},
    {file = "pyqt6_sip-13.10.2-cp313-cp313-win_amd64.whl", hash = "sha256:0b097eb58b4df936c4a2a88a2f367c8bb5c20ff049a45a7917ad75d698e3b277"},
    {file = "pyqt6_sip-13.10.2-cp313-cp313-win_arm64.whl", hash = "sha256:cc6a1dfdf324efaac6e7b890a608385205e652845c62130de919fd73a6326244"},
    {file = "pyqt6_sip-13.10.2-cp314-cp314-macosx_10_15_universal2.whl", hash = "sha256:8a76a06a8e5c5b1f17a3f6f3c834ca324877e07b960b18b8b9bbfd9c536ec658"},
    {file = "pyqt6_sip-13.10.2-cp314-cp314-manylinux_2_17_aarch64.manylinux2014_aarch64.whl", hash = "sha256:9128d770a611200529468397d710bc972f1dcfe12bfcbb09a3ccddcd4d54fa5b"},
    {file = "pyqt6_sip-13.10.2-cp314-cp314-manylinux_2_5_x86_64.manylinux1_x86_64.whl", hash = "sha256:d820a0fae7315932c08f27dc0a7e33e0f50fe351001601a8eb9cf6f22b04562e"},
    {file = "pyqt6_sip-13.10.2-cp314-cp314-win_amd64.whl", hash = "sha256:3213bb6e102d3842a3bb7e59d5f6e55f176c80880ff0b39d0dac0cfe58313fb3"},
    {file = "pyqt6_sip-13.10.2-cp314-cp314-win_arm64.whl", hash = "sha256:ce33ff1f94960ad4b08035e39fa0c3c9a67070bec39ffe3e435c792721504726"},
    {file = "pyqt6_sip-13.10.2-cp39-cp39-macosx_10_9_universal2.whl", hash = "sha256:38b5823dca93377f8a4efac3cbfaa1d20229aa5b640c31cf6ebbe5c586333808"},
    {file = "pyqt6_sip-13.10.2-cp39-cp39-manylinux_2_17_aarch64.manylinux2014_aarch64.whl", hash = "sha256:5506b9a795098df3b023cc7d0a37f93d3224a9c040c43804d4bc06e0b2b742b0"},
    {file = "pyqt6_sip-13.10.2-cp39-cp39-manylinux_2_5_x86_64.manylinux1_x86_64.whl", hash = "sha256:e455a181d45a28ee8d18d42243d4f470d269e6ccdee60f2546e6e71218e05bb4"},
    {file = "pyqt6_sip-13.10.2-cp39-cp39-win_amd64.whl", hash = "sha256:9c67ed66e21b11e04ffabe0d93bc21df22e0a5d7e2e10ebc8c1d77d2f5042991"},
    {file = "pyqt6_sip-13.10.2.tar.gz", hash = "sha256:464ad156bf526500ce6bd05cac7a82280af6309974d816739b4a9a627156fafe"},
]

[[package]]
name = "pyqtgraph"
version = "0.13.7"
description = "Scientific Graphics and GUI Library for Python"
optional = false
python-versions = ">=3.9"
groups = ["main"]
files = [
    {file = "pyqtgraph-0.13.7-py3-none-any.whl", hash = "sha256:7754edbefb6c367fa0dfb176e2d0610da3ada20aa7a5318516c74af5fb72bf7a"},
    {file = "pyqtgraph-0.13.7.tar.gz", hash = "sha256:64f84f1935c6996d0e09b1ee66fe478a7771e3ca6f3aaa05f00f6e068321d9e3"},
]

[package.dependencies]
numpy = ">=1.22.0"

[[package]]
name = "setuptools"
version = "80.9.0"
description = "Easily download, build, install, upgrade, and uninstall Python packages"
optional = false
python-versions = ">=3.9"
groups = ["main"]
files = [
    {file = "setuptools-80.9.0-py3-none-any.whl", hash = "sha256:062d34222ad13e0cc312a4c02d73f059e86a4acbfbdea8f8f76b28c99f306922"},
    {file = "setuptools-80.9.0.tar.gz", hash = "sha256:f36b47402ecde768dbfafc46e8e4207b4360c654f1f3bb84475f0a28628fb19c"},
]

[package.extras]
check = ["pytest-checkdocs (>=2.4)", "pytest-ruff (>=0.2.1) ; sys_platform != \"cygwin\"", "ruff (>=0.8.0) ; sys_platform != \"cygwin\""]
core = ["importlib_metadata (>=6) ; python_version < \"3.10\"", "jaraco.functools (>=4)", "jaraco.text (>=3.7)", "more_itertools", "more_itertools (>=8.8)", "packaging (>=24.2)", "platformdirs (>=4.2.2)", "tomli (>=2.0.1) ; python_version < \"3.11\"", "wheel (>=0.43.0)"]
cover = ["pytest-cov"]
doc = ["furo", "jaraco.packaging (>=9.3)", "jaraco.tidelift (>=1.4)", "pygments-github-lexers (==0.0.5)", "pyproject-hooks (!=1.1)", "rst.linker (>=1.9)", "sphinx (>=3.5)", "sphinx-favicon", "sphinx-inline-tabs", "sphinx-lint", "sphinx-notfound-page (>=1,<2)", "sphinx-reredirects", "sphinxcontrib-towncrier", "towncrier (<24.7)"]
enabler = ["pytest-enabler (>=2.2)"]
test = ["build[virtualenv] (>=1.0.3)", "filelock (>=3.4.0)", "ini2toml[lite] (>=0.14)", "jaraco.develop (>=7.21) ; python_version >= \"3.9\" and sys_platform != \"cygwin\"", "jaraco.envs (>=2.2)", "jaraco.path (>=3.7.2)", "jaraco.test (>=5.5)", "packaging (>=24.2)", "pip (>=19.1)", "pyproject-hooks (!=1.1)", "pytest (>=6,!=8.1.*)", "pytest-home (>=0.5)", "pytest-perf ; sys_platform != \"cygwin\"", "pytest-subprocess", "pytest-timeout", "pytest-xdist (>=3)", "tomli-w (>=1.0.0)", "virtualenv (>=13.0.0)", "wheel (>=0.44.0)"]
type = ["importlib_metadata (>=7.0.2) ; python_version < \"3.10\"", "jaraco.develop (>=7.21) ; sys_platform != \"cygwin\"", "mypy (==1.14.*)", "pytest-mypy"]

[metadata]
lock-version = "2.1"
python-versions = ">=3.12,<4.0"
content-hash = "ab07772bbb868558010f5ff859d6e0b16a93e1b33bdd3a1904636b057ad8fb6b"
